// !$*UTF8*$!
{
	archiveVersion = 1;
	classes = {
	};
	objectVersion = 48;
	objects = {

/* Begin PBXBuildFile section */
		04A9DA20217738D900D253A1 /* SDWaitingView.m in Sources */ = {isa = PBXBuildFile; fileRef = 04A9D9A0217738D800D253A1 /* SDWaitingView.m */; };
		04A9DA21217738D900D253A1 /* SDBrowserImageView.h in Headers */ = {isa = PBXBuildFile; fileRef = 04A9D9A1217738D800D253A1 /* SDBrowserImageView.h */; };
		04A9DA22217738D900D253A1 /* SDPhotoBrowserConfig.h in Headers */ = {isa = PBXBuildFile; fileRef = 04A9D9A2217738D800D253A1 /* SDPhotoBrowserConfig.h */; };
		04A9DA23217738D900D253A1 /* SDPhotoBrowser.h in Headers */ = {isa = PBXBuildFile; fileRef = 04A9D9A3217738D800D253A1 /* SDPhotoBrowser.h */; };
		04A9DA24217738D900D253A1 /* SDWaitingView.h in Headers */ = {isa = PBXBuildFile; fileRef = 04A9D9A4217738D800D253A1 /* SDWaitingView.h */; };
		04A9DA25217738D900D253A1 /* SDBrowserImageView.m in Sources */ = {isa = PBXBuildFile; fileRef = 04A9D9A5217738D800D253A1 /* SDBrowserImageView.m */; };
		04A9DA26217738D900D253A1 /* SDPhotoBrowser.m in Sources */ = {isa = PBXBuildFile; fileRef = 04A9D9A6217738D800D253A1 /* SDPhotoBrowser.m */; };
		04A9DA27217738D900D253A1 /* MLEmojiLabel.h in Headers */ = {isa = PBXBuildFile; fileRef = 04A9D9A8217738D800D253A1 /* MLEmojiLabel.h */; };
		04A9DA28217738D900D253A1 /* MLLabel+Override.h in Headers */ = {isa = PBXBuildFile; fileRef = 04A9D9AC217738D800D253A1 /* MLLabel+Override.h */; };
		04A9DA29217738D900D253A1 /* MLLabelLayoutManager.h in Headers */ = {isa = PBXBuildFile; fileRef = 04A9D9AD217738D800D253A1 /* MLLabelLayoutManager.h */; };
		04A9DA2A217738D900D253A1 /* MLLabelLayoutManager.m in Sources */ = {isa = PBXBuildFile; fileRef = 04A9D9AE217738D800D253A1 /* MLLabelLayoutManager.m */; };
		04A9DA2B217738D900D253A1 /* MLLinkLabel.h in Headers */ = {isa = PBXBuildFile; fileRef = 04A9D9AF217738D800D253A1 /* MLLinkLabel.h */; };
		04A9DA2C217738D900D253A1 /* MLLabel.m in Sources */ = {isa = PBXBuildFile; fileRef = 04A9D9B0217738D800D253A1 /* MLLabel.m */; };
		04A9DA2D217738D900D253A1 /* NSMutableAttributedString+MLLabel.h in Headers */ = {isa = PBXBuildFile; fileRef = 04A9D9B2217738D800D253A1 /* NSMutableAttributedString+MLLabel.h */; };
		04A9DA2E217738D900D253A1 /* NSAttributedString+MLLabel.h in Headers */ = {isa = PBXBuildFile; fileRef = 04A9D9B3217738D800D253A1 /* NSAttributedString+MLLabel.h */; };
		04A9DA2F217738D900D253A1 /* NSString+MLLabel.h in Headers */ = {isa = PBXBuildFile; fileRef = 04A9D9B4217738D800D253A1 /* NSString+MLLabel.h */; };
		04A9DA30217738D900D253A1 /* NSMutableAttributedString+MLLabel.m in Sources */ = {isa = PBXBuildFile; fileRef = 04A9D9B5217738D800D253A1 /* NSMutableAttributedString+MLLabel.m */; };
		04A9DA31217738D900D253A1 /* NSAttributedString+MLLabel.m in Sources */ = {isa = PBXBuildFile; fileRef = 04A9D9B6217738D800D253A1 /* NSAttributedString+MLLabel.m */; };
		04A9DA32217738D900D253A1 /* NSString+MLLabel.m in Sources */ = {isa = PBXBuildFile; fileRef = 04A9D9B7217738D800D253A1 /* NSString+MLLabel.m */; };
		04A9DA33217738D900D253A1 /* NSString+MLExpression.h in Headers */ = {isa = PBXBuildFile; fileRef = 04A9D9B9217738D800D253A1 /* NSString+MLExpression.h */; };
		04A9DA34217738D900D253A1 /* MLTextAttachment.h in Headers */ = {isa = PBXBuildFile; fileRef = 04A9D9BA217738D800D253A1 /* MLTextAttachment.h */; };
		04A9DA35217738D900D253A1 /* MLExpressionManager.h in Headers */ = {isa = PBXBuildFile; fileRef = 04A9D9BB217738D800D253A1 /* MLExpressionManager.h */; };
		04A9DA36217738D900D253A1 /* NSAttributedString+MLExpression.m in Sources */ = {isa = PBXBuildFile; fileRef = 04A9D9BC217738D800D253A1 /* NSAttributedString+MLExpression.m */; };
		04A9DA37217738D900D253A1 /* NSString+MLExpression.m in Sources */ = {isa = PBXBuildFile; fileRef = 04A9D9BD217738D800D253A1 /* NSString+MLExpression.m */; };
		04A9DA38217738D900D253A1 /* MLExpressionManager.m in Sources */ = {isa = PBXBuildFile; fileRef = 04A9D9BE217738D800D253A1 /* MLExpressionManager.m */; };
		04A9DA39217738D900D253A1 /* MLTextAttachment.m in Sources */ = {isa = PBXBuildFile; fileRef = 04A9D9BF217738D800D253A1 /* MLTextAttachment.m */; };
		04A9DA3A217738D900D253A1 /* NSAttributedString+MLExpression.h in Headers */ = {isa = PBXBuildFile; fileRef = 04A9D9C0217738D800D253A1 /* NSAttributedString+MLExpression.h */; };
		04A9DA3B217738D900D253A1 /* MLLinkLabel.m in Sources */ = {isa = PBXBuildFile; fileRef = 04A9D9C1217738D800D253A1 /* MLLinkLabel.m */; };
		04A9DA3C217738D900D253A1 /* MLLabel.h in Headers */ = {isa = PBXBuildFile; fileRef = 04A9D9C2217738D800D253A1 /* MLLabel.h */; };
		04A9DA3D217738D900D253A1 /* LICENSE in Resources */ = {isa = PBXBuildFile; fileRef = 04A9D9C3217738D800D253A1 /* LICENSE */; };
		04A9DA3E217738D900D253A1 /* README.md in Resources */ = {isa = PBXBuildFile; fileRef = 04A9D9C4217738D800D253A1 /* README.md */; };
		04A9DA3F217738D900D253A1 /* TTTAttributedLabel.m in Sources */ = {isa = PBXBuildFile; fileRef = 04A9D9C6217738D800D253A1 /* TTTAttributedLabel.m */; };
		04A9DA40217738D900D253A1 /* TTTAttributedLabel.h in Headers */ = {isa = PBXBuildFile; fileRef = 04A9D9C7217738D800D253A1 /* TTTAttributedLabel.h */; };
		04A9DA41217738D900D253A1 /* MLEmojiLabel.m in Sources */ = {isa = PBXBuildFile; fileRef = 04A9D9C8217738D800D253A1 /* MLEmojiLabel.m */; };
		04A9DA42217738D900D253A1 /* MLEmoji_Expression.bundle in Resources */ = {isa = PBXBuildFile; fileRef = 04A9D9C9217738D800D253A1 /* MLEmoji_Expression.bundle */; };
		04A9DA43217738D900D253A1 /* MLEmoji_Expression.plist in Resources */ = {isa = PBXBuildFile; fileRef = 04A9D9CA217738D800D253A1 /* MLEmoji_Expression.plist */; };
		04A9DA44217738D900D253A1 /* MLEmoji_ExpressionImage.plist in Resources */ = {isa = PBXBuildFile; fileRef = 04A9D9CB217738D800D253A1 /* MLEmoji_ExpressionImage.plist */; };
		04A9DA45217738D900D253A1 /* SetI001.framework in Frameworks */ = {isa = PBXBuildFile; fileRef = 04A9D9D1217738D800D253A1 /* SetI001.framework */; };
		04A9DA46217738D900D253A1 /* SetI001.bundle in Resources */ = {isa = PBXBuildFile; fileRef = 04A9D9D2217738D800D253A1 /* SetI001.bundle */; };
		04A9DA47217738D900D253A1 /* XLVideoPlayer.h in Headers */ = {isa = PBXBuildFile; fileRef = 04A9D9D5217738D900D253A1 /* XLVideoPlayer.h */; };
		04A9DA48217738D900D253A1 /* XLSlider.m in Sources */ = {isa = PBXBuildFile; fileRef = 04A9D9D7217738D900D253A1 /* XLSlider.m */; };
		04A9DA49217738D900D253A1 /* XLSlider.h in Headers */ = {isa = PBXBuildFile; fileRef = 04A9D9D8217738D900D253A1 /* XLSlider.h */; };
		04A9DA4A217738D900D253A1 /* XLVideoPlayer.m in Sources */ = {isa = PBXBuildFile; fileRef = 04A9D9D9217738D900D253A1 /* XLVideoPlayer.m */; };
		04A9DA4B217738D900D253A1 /* UMSocialCore.framework in Frameworks */ = {isa = PBXBuildFile; fileRef = 04A9D9E0217738D900D253A1 /* UMSocialCore.framework */; };
		04A9DA4C217738D900D253A1 /* UShareUI.framework in Frameworks */ = {isa = PBXBuildFile; fileRef = 04A9D9E1217738D900D253A1 /* UShareUI.framework */; };
		04A9DA4D217738D900D253A1 /* UMSocialSDKResources.bundle in Resources */ = {isa = PBXBuildFile; fileRef = 04A9D9E2217738D900D253A1 /* UMSocialSDKResources.bundle */; };
		04A9DA4E217738D900D253A1 /* UMSocialSDKPromptResources.bundle in Resources */ = {isa = PBXBuildFile; fileRef = 04A9D9E3217738D900D253A1 /* UMSocialSDKPromptResources.bundle */; };
		04A9DA4F217738D900D253A1 /* TMShare.framework in Frameworks */ = {isa = PBXBuildFile; fileRef = 04A9D9E4217738D900D253A1 /* TMShare.framework */; };
		04A9DA50217738D900D253A1 /* UMSocialNetwork.framework in Frameworks */ = {isa = PBXBuildFile; fileRef = 04A9D9E5217738D900D253A1 /* UMSocialNetwork.framework */; };
		04A9DA51217738D900D253A1 /* config.xml in Resources */ = {isa = PBXBuildFile; fileRef = 04A9D9E6217738D900D253A1 /* config.xml */; };
		04A9DA52217738D900D253A1 /* TMSDK.framework in Frameworks */ = {isa = PBXBuildFile; fileRef = 04A9D9E7217738D900D253A1 /* TMSDK.framework */; };
		04A9DA53217738D900D253A1 /* HLHJFactModuleSDK.h in Headers */ = {isa = PBXBuildFile; fileRef = 04A9D9E8217738D900D253A1 /* HLHJFactModuleSDK.h */; };
		04A9DA54217738D900D253A1 /* HLHJPrefixHeader.pch in Headers */ = {isa = PBXBuildFile; fileRef = 04A9D9E9217738D900D253A1 /* HLHJPrefixHeader.pch */; };
		04A9DA55217738D900D253A1 /* HLHJAPIHeader.h in Headers */ = {isa = PBXBuildFile; fileRef = 04A9D9EA217738D900D253A1 /* HLHJAPIHeader.h */; };
		04A9DA56217738D900D253A1 /* HLHJMoreViewController.m in Sources */ = {isa = PBXBuildFile; fileRef = 04A9D9ED217738D900D253A1 /* HLHJMoreViewController.m */; };
		04A9DA57217738D900D253A1 /* HLHJCustomCameraViewController.m in Sources */ = {isa = PBXBuildFile; fileRef = 04A9D9EE217738D900D253A1 /* HLHJCustomCameraViewController.m */; };
		04A9DA58217738D900D253A1 /* HLHJFactStartViewController.m in Sources */ = {isa = PBXBuildFile; fileRef = 04A9D9EF217738D900D253A1 /* HLHJFactStartViewController.m */; };
		04A9DA59217738D900D253A1 /* HLHJFactViewController.m in Sources */ = {isa = PBXBuildFile; fileRef = 04A9D9F0217738D900D253A1 /* HLHJFactViewController.m */; };
		04A9DA5A217738D900D253A1 /* HLHJFactWantViewController.h in Headers */ = {isa = PBXBuildFile; fileRef = 04A9D9F1217738D900D253A1 /* HLHJFactWantViewController.h */; };
		04A9DA5B217738D900D253A1 /* HLHJCustomCameraViewController.h in Headers */ = {isa = PBXBuildFile; fileRef = 04A9D9F2217738D900D253A1 /* HLHJCustomCameraViewController.h */; };
		04A9DA5C217738D900D253A1 /* HLHJMoreViewController.h in Headers */ = {isa = PBXBuildFile; fileRef = 04A9D9F3217738D900D253A1 /* HLHJMoreViewController.h */; };
		04A9DA5D217738D900D253A1 /* HLHJFactViewController.h in Headers */ = {isa = PBXBuildFile; fileRef = 04A9D9F4217738D900D253A1 /* HLHJFactViewController.h */; };
		04A9DA5E217738D900D253A1 /* HLHJFactStartViewController.h in Headers */ = {isa = PBXBuildFile; fileRef = 04A9D9F5217738D900D253A1 /* HLHJFactStartViewController.h */; };
		04A9DA5F217738D900D253A1 /* HLHJFactWantViewController.m in Sources */ = {isa = PBXBuildFile; fileRef = 04A9D9F6217738D900D253A1 /* HLHJFactWantViewController.m */; };
		04A9DA60217738D900D253A1 /* HLHJFactStartHeaderView.h in Headers */ = {isa = PBXBuildFile; fileRef = 04A9D9F8217738D900D253A1 /* HLHJFactStartHeaderView.h */; };
		04A9DA61217738D900D253A1 /* HLHJFactTableViewHeaderView.h in Headers */ = {isa = PBXBuildFile; fileRef = 04A9D9F9217738D900D253A1 /* HLHJFactTableViewHeaderView.h */; };
		04A9DA62217738D900D253A1 /* HLHJFactStartFooterView.m in Sources */ = {isa = PBXBuildFile; fileRef = 04A9D9FA217738D900D253A1 /* HLHJFactStartFooterView.m */; };
		04A9DA63217738D900D253A1 /* HLHJFactCommentView.h in Headers */ = {isa = PBXBuildFile; fileRef = 04A9D9FB217738D900D253A1 /* HLHJFactCommentView.h */; };
		04A9DA64217738D900D253A1 /* HLHJFactPhotoContainerView.m in Sources */ = {isa = PBXBuildFile; fileRef = 04A9D9FC217738D900D253A1 /* HLHJFactPhotoContainerView.m */; };
		04A9DA65217738D900D253A1 /* HLHJFactTableViewHeaderView.m in Sources */ = {isa = PBXBuildFile; fileRef = 04A9D9FD217738D900D253A1 /* HLHJFactTableViewHeaderView.m */; };
		04A9DA66217738D900D253A1 /* HLHJFactStartHeaderView.m in Sources */ = {isa = PBXBuildFile; fileRef = 04A9D9FE217738D900D253A1 /* HLHJFactStartHeaderView.m */; };
		04A9DA67217738D900D253A1 /* HLHJFactPhotoContainerView.h in Headers */ = {isa = PBXBuildFile; fileRef = 04A9D9FF217738D900D253A1 /* HLHJFactPhotoContainerView.h */; };
		04A9DA68217738D900D253A1 /* HLHJFactCommentView.m in Sources */ = {isa = PBXBuildFile; fileRef = 04A9DA00217738D900D253A1 /* HLHJFactCommentView.m */; };
		04A9DA69217738D900D253A1 /* HLHJFactStartFooterView.h in Headers */ = {isa = PBXBuildFile; fileRef = 04A9DA01217738D900D253A1 /* HLHJFactStartFooterView.h */; };
		04A9DA6A217738D900D253A1 /* HLHJCommenTableViewCell.h in Headers */ = {isa = PBXBuildFile; fileRef = 04A9DA03217738D900D253A1 /* HLHJCommenTableViewCell.h */; };
		04A9DA6B217738D900D253A1 /* HLHJCollectionViewFlowLayout.m in Sources */ = {isa = PBXBuildFile; fileRef = 04A9DA04217738D900D253A1 /* HLHJCollectionViewFlowLayout.m */; };
		04A9DA6C217738D900D253A1 /* HLHJCollectionViewCell.m in Sources */ = {isa = PBXBuildFile; fileRef = 04A9DA05217738D900D253A1 /* HLHJCollectionViewCell.m */; };
		04A9DA6D217738D900D253A1 /* HLHJFactTableViewCell.m in Sources */ = {isa = PBXBuildFile; fileRef = 04A9DA06217738D900D253A1 /* HLHJFactTableViewCell.m */; };
		04A9DA6E217738D900D253A1 /* HLHJCommenTableViewCell.m in Sources */ = {isa = PBXBuildFile; fileRef = 04A9DA07217738D900D253A1 /* HLHJCommenTableViewCell.m */; };
		04A9DA6F217738D900D253A1 /* HLHJCollectionViewFlowLayout.h in Headers */ = {isa = PBXBuildFile; fileRef = 04A9DA08217738D900D253A1 /* HLHJCollectionViewFlowLayout.h */; };
		04A9DA70217738D900D253A1 /* HLHJCollectionViewCell.h in Headers */ = {isa = PBXBuildFile; fileRef = 04A9DA09217738D900D253A1 /* HLHJCollectionViewCell.h */; };
		04A9DA71217738D900D253A1 /* HLHJFactTableViewCell.h in Headers */ = {isa = PBXBuildFile; fileRef = 04A9DA0A217738D900D253A1 /* HLHJFactTableViewCell.h */; };
		04A9DA72217738D900D253A1 /* HLHJCommenModel.m in Sources */ = {isa = PBXBuildFile; fileRef = 04A9DA0C217738D900D253A1 /* HLHJCommenModel.m */; };
		04A9DA73217738D900D253A1 /* HLHJFactCellModel.h in Headers */ = {isa = PBXBuildFile; fileRef = 04A9DA0D217738D900D253A1 /* HLHJFactCellModel.h */; };
		04A9DA74217738D900D253A1 /* HLHJFactCellModel.m in Sources */ = {isa = PBXBuildFile; fileRef = 04A9DA0E217738D900D253A1 /* HLHJFactCellModel.m */; };
		04A9DA75217738D900D253A1 /* HLHJCommenModel.h in Headers */ = {isa = PBXBuildFile; fileRef = 04A9DA0F217738D900D253A1 /* HLHJCommenModel.h */; };
		04A9DA76217738D900D253A1 /* Info.plist in Resources */ = {isa = PBXBuildFile; fileRef = 04A9DA10217738D900D253A1 /* Info.plist */; };
		04A9DA77217738D900D253A1 /* UIView+HLHJExtension.m in Sources */ = {isa = PBXBuildFile; fileRef = 04A9DA12217738D900D253A1 /* UIView+HLHJExtension.m */; };
		04A9DA78217738D900D253A1 /* HDManager.h in Headers */ = {isa = PBXBuildFile; fileRef = 04A9DA13217738D900D253A1 /* HDManager.h */; };
		04A9DA79217738D900D253A1 /* HLHJFactNetworkTool.m in Sources */ = {isa = PBXBuildFile; fileRef = 04A9DA15217738D900D253A1 /* HLHJFactNetworkTool.m */; };
		04A9DA7A217738D900D253A1 /* HLHJFactNetworkTool.h in Headers */ = {isa = PBXBuildFile; fileRef = 04A9DA16217738D900D253A1 /* HLHJFactNetworkTool.h */; };
		04A9DA7B217738D900D253A1 /* HLHJFFactInputToolbar.m in Sources */ = {isa = PBXBuildFile; fileRef = 04A9DA17217738D900D253A1 /* HLHJFFactInputToolbar.m */; };
		04A9DA7C217738D900D253A1 /* UIView+HLHJExtension.h in Headers */ = {isa = PBXBuildFile; fileRef = 04A9DA18217738D900D253A1 /* UIView+HLHJExtension.h */; };
		04A9DA7D217738D900D253A1 /* HDManager.m in Sources */ = {isa = PBXBuildFile; fileRef = 04A9DA19217738D900D253A1 /* HDManager.m */; };
		04A9DA7E217738D900D253A1 /* HLHJFFactInputToolbar.h in Headers */ = {isa = PBXBuildFile; fileRef = 04A9DA1A217738D900D253A1 /* HLHJFFactInputToolbar.h */; };
		04A9DA7F217738D900D253A1 /* UIView+Toast.h in Headers */ = {isa = PBXBuildFile; fileRef = 04A9DA1C217738D900D253A1 /* UIView+Toast.h */; };
		04A9DA80217738D900D253A1 /* HLHJFactAlertTool.m in Sources */ = {isa = PBXBuildFile; fileRef = 04A9DA1D217738D900D253A1 /* HLHJFactAlertTool.m */; };
		04A9DA81217738D900D253A1 /* UIView+Toast.m in Sources */ = {isa = PBXBuildFile; fileRef = 04A9DA1E217738D900D253A1 /* UIView+Toast.m */; };
		04A9DA82217738D900D253A1 /* HLHJFactAlertTool.h in Headers */ = {isa = PBXBuildFile; fileRef = 04A9DA1F217738D900D253A1 /* HLHJFactAlertTool.h */; };
		6B1BBD0AD76F6510F3185F70 /* Pods_HLHJFactModuleSDK.framework in Frameworks */ = {isa = PBXBuildFile; fileRef = 4F5574B40944D676FE021477 /* Pods_HLHJFactModuleSDK.framework */; };
/* End PBXBuildFile section */

/* Begin PBXFileReference section */
		0486872120A579E4002A8F49 /* HLHJFactModuleSDK.framework */ = {isa = PBXFileReference; explicitFileType = wrapper.framework; includeInIndex = 0; path = HLHJFactModuleSDK.framework; sourceTree = BUILT_PRODUCTS_DIR; };
		04A9D9A0217738D800D253A1 /* SDWaitingView.m */ = {isa = PBXFileReference; fileEncoding = 4; lastKnownFileType = sourcecode.c.objc; path = SDWaitingView.m; sourceTree = "<group>"; };
		04A9D9A1217738D800D253A1 /* SDBrowserImageView.h */ = {isa = PBXFileReference; fileEncoding = 4; lastKnownFileType = sourcecode.c.h; path = SDBrowserImageView.h; sourceTree = "<group>"; };
		04A9D9A2217738D800D253A1 /* SDPhotoBrowserConfig.h */ = {isa = PBXFileReference; fileEncoding = 4; lastKnownFileType = sourcecode.c.h; path = SDPhotoBrowserConfig.h; sourceTree = "<group>"; };
		04A9D9A3217738D800D253A1 /* SDPhotoBrowser.h */ = {isa = PBXFileReference; fileEncoding = 4; lastKnownFileType = sourcecode.c.h; path = SDPhotoBrowser.h; sourceTree = "<group>"; };
		04A9D9A4217738D800D253A1 /* SDWaitingView.h */ = {isa = PBXFileReference; fileEncoding = 4; lastKnownFileType = sourcecode.c.h; path = SDWaitingView.h; sourceTree = "<group>"; };
		04A9D9A5217738D800D253A1 /* SDBrowserImageView.m */ = {isa = PBXFileReference; fileEncoding = 4; lastKnownFileType = sourcecode.c.objc; path = SDBrowserImageView.m; sourceTree = "<group>"; };
		04A9D9A6217738D800D253A1 /* SDPhotoBrowser.m */ = {isa = PBXFileReference; fileEncoding = 4; lastKnownFileType = sourcecode.c.objc; path = SDPhotoBrowser.m; sourceTree = "<group>"; };
		04A9D9A8217738D800D253A1 /* MLEmojiLabel.h */ = {isa = PBXFileReference; fileEncoding = 4; lastKnownFileType = sourcecode.c.h; path = MLEmojiLabel.h; sourceTree = "<group>"; };
		04A9D9AC217738D800D253A1 /* MLLabel+Override.h */ = {isa = PBXFileReference; fileEncoding = 4; lastKnownFileType = sourcecode.c.h; path = "MLLabel+Override.h"; sourceTree = "<group>"; };
		04A9D9AD217738D800D253A1 /* MLLabelLayoutManager.h */ = {isa = PBXFileReference; fileEncoding = 4; lastKnownFileType = sourcecode.c.h; path = MLLabelLayoutManager.h; sourceTree = "<group>"; };
		04A9D9AE217738D800D253A1 /* MLLabelLayoutManager.m */ = {isa = PBXFileReference; fileEncoding = 4; lastKnownFileType = sourcecode.c.objc; path = MLLabelLayoutManager.m; sourceTree = "<group>"; };
		04A9D9AF217738D800D253A1 /* MLLinkLabel.h */ = {isa = PBXFileReference; fileEncoding = 4; lastKnownFileType = sourcecode.c.h; path = MLLinkLabel.h; sourceTree = "<group>"; };
		04A9D9B0217738D800D253A1 /* MLLabel.m */ = {isa = PBXFileReference; fileEncoding = 4; lastKnownFileType = sourcecode.c.objc; path = MLLabel.m; sourceTree = "<group>"; };
		04A9D9B2217738D800D253A1 /* NSMutableAttributedString+MLLabel.h */ = {isa = PBXFileReference; fileEncoding = 4; lastKnownFileType = sourcecode.c.h; path = "NSMutableAttributedString+MLLabel.h"; sourceTree = "<group>"; };
		04A9D9B3217738D800D253A1 /* NSAttributedString+MLLabel.h */ = {isa = PBXFileReference; fileEncoding = 4; lastKnownFileType = sourcecode.c.h; path = "NSAttributedString+MLLabel.h"; sourceTree = "<group>"; };
		04A9D9B4217738D800D253A1 /* NSString+MLLabel.h */ = {isa = PBXFileReference; fileEncoding = 4; lastKnownFileType = sourcecode.c.h; path = "NSString+MLLabel.h"; sourceTree = "<group>"; };
		04A9D9B5217738D800D253A1 /* NSMutableAttributedString+MLLabel.m */ = {isa = PBXFileReference; fileEncoding = 4; lastKnownFileType = sourcecode.c.objc; path = "NSMutableAttributedString+MLLabel.m"; sourceTree = "<group>"; };
		04A9D9B6217738D800D253A1 /* NSAttributedString+MLLabel.m */ = {isa = PBXFileReference; fileEncoding = 4; lastKnownFileType = sourcecode.c.objc; path = "NSAttributedString+MLLabel.m"; sourceTree = "<group>"; };
		04A9D9B7217738D800D253A1 /* NSString+MLLabel.m */ = {isa = PBXFileReference; fileEncoding = 4; lastKnownFileType = sourcecode.c.objc; path = "NSString+MLLabel.m"; sourceTree = "<group>"; };
		04A9D9B9217738D800D253A1 /* NSString+MLExpression.h */ = {isa = PBXFileReference; fileEncoding = 4; lastKnownFileType = sourcecode.c.h; path = "NSString+MLExpression.h"; sourceTree = "<group>"; };
		04A9D9BA217738D800D253A1 /* MLTextAttachment.h */ = {isa = PBXFileReference; fileEncoding = 4; lastKnownFileType = sourcecode.c.h; path = MLTextAttachment.h; sourceTree = "<group>"; };
		04A9D9BB217738D800D253A1 /* MLExpressionManager.h */ = {isa = PBXFileReference; fileEncoding = 4; lastKnownFileType = sourcecode.c.h; path = MLExpressionManager.h; sourceTree = "<group>"; };
		04A9D9BC217738D800D253A1 /* NSAttributedString+MLExpression.m */ = {isa = PBXFileReference; fileEncoding = 4; lastKnownFileType = sourcecode.c.objc; path = "NSAttributedString+MLExpression.m"; sourceTree = "<group>"; };
		04A9D9BD217738D800D253A1 /* NSString+MLExpression.m */ = {isa = PBXFileReference; fileEncoding = 4; lastKnownFileType = sourcecode.c.objc; path = "NSString+MLExpression.m"; sourceTree = "<group>"; };
		04A9D9BE217738D800D253A1 /* MLExpressionManager.m */ = {isa = PBXFileReference; fileEncoding = 4; lastKnownFileType = sourcecode.c.objc; path = MLExpressionManager.m; sourceTree = "<group>"; };
		04A9D9BF217738D800D253A1 /* MLTextAttachment.m */ = {isa = PBXFileReference; fileEncoding = 4; lastKnownFileType = sourcecode.c.objc; path = MLTextAttachment.m; sourceTree = "<group>"; };
		04A9D9C0217738D800D253A1 /* NSAttributedString+MLExpression.h */ = {isa = PBXFileReference; fileEncoding = 4; lastKnownFileType = sourcecode.c.h; path = "NSAttributedString+MLExpression.h"; sourceTree = "<group>"; };
		04A9D9C1217738D800D253A1 /* MLLinkLabel.m */ = {isa = PBXFileReference; fileEncoding = 4; lastKnownFileType = sourcecode.c.objc; path = MLLinkLabel.m; sourceTree = "<group>"; };
		04A9D9C2217738D800D253A1 /* MLLabel.h */ = {isa = PBXFileReference; fileEncoding = 4; lastKnownFileType = sourcecode.c.h; path = MLLabel.h; sourceTree = "<group>"; };
		04A9D9C3217738D800D253A1 /* LICENSE */ = {isa = PBXFileReference; fileEncoding = 4; lastKnownFileType = text; path = LICENSE; sourceTree = "<group>"; };
		04A9D9C4217738D800D253A1 /* README.md */ = {isa = PBXFileReference; fileEncoding = 4; lastKnownFileType = net.daringfireball.markdown; path = README.md; sourceTree = "<group>"; };
		04A9D9C6217738D800D253A1 /* TTTAttributedLabel.m */ = {isa = PBXFileReference; fileEncoding = 4; lastKnownFileType = sourcecode.c.objc; path = TTTAttributedLabel.m; sourceTree = "<group>"; };
		04A9D9C7217738D800D253A1 /* TTTAttributedLabel.h */ = {isa = PBXFileReference; fileEncoding = 4; lastKnownFileType = sourcecode.c.h; path = TTTAttributedLabel.h; sourceTree = "<group>"; };
		04A9D9C8217738D800D253A1 /* MLEmojiLabel.m */ = {isa = PBXFileReference; fileEncoding = 4; lastKnownFileType = sourcecode.c.objc; path = MLEmojiLabel.m; sourceTree = "<group>"; };
		04A9D9C9217738D800D253A1 /* MLEmoji_Expression.bundle */ = {isa = PBXFileReference; lastKnownFileType = "wrapper.plug-in"; path = MLEmoji_Expression.bundle; sourceTree = "<group>"; };
		04A9D9CA217738D800D253A1 /* MLEmoji_Expression.plist */ = {isa = PBXFileReference; fileEncoding = 4; lastKnownFileType = text.plist.xml; path = MLEmoji_Expression.plist; sourceTree = "<group>"; };
		04A9D9CB217738D800D253A1 /* MLEmoji_ExpressionImage.plist */ = {isa = PBXFileReference; fileEncoding = 4; lastKnownFileType = text.plist.xml; path = MLEmoji_ExpressionImage.plist; sourceTree = "<group>"; };
		04A9D9D1217738D800D253A1 /* SetI001.framework */ = {isa = PBXFileReference; lastKnownFileType = wrapper.framework; path = SetI001.framework; sourceTree = "<group>"; };
		04A9D9D2217738D800D253A1 /* SetI001.bundle */ = {isa = PBXFileReference; lastKnownFileType = "wrapper.plug-in"; path = SetI001.bundle; sourceTree = "<group>"; };
		04A9D9D5217738D900D253A1 /* XLVideoPlayer.h */ = {isa = PBXFileReference; fileEncoding = 4; lastKnownFileType = sourcecode.c.h; path = XLVideoPlayer.h; sourceTree = "<group>"; };
		04A9D9D7217738D900D253A1 /* XLSlider.m */ = {isa = PBXFileReference; fileEncoding = 4; lastKnownFileType = sourcecode.c.objc; path = XLSlider.m; sourceTree = "<group>"; };
		04A9D9D8217738D900D253A1 /* XLSlider.h */ = {isa = PBXFileReference; fileEncoding = 4; lastKnownFileType = sourcecode.c.h; path = XLSlider.h; sourceTree = "<group>"; };
		04A9D9D9217738D900D253A1 /* XLVideoPlayer.m */ = {isa = PBXFileReference; fileEncoding = 4; lastKnownFileType = sourcecode.c.objc; path = XLVideoPlayer.m; sourceTree = "<group>"; };
		04A9D9E0217738D900D253A1 /* UMSocialCore.framework */ = {isa = PBXFileReference; lastKnownFileType = wrapper.framework; path = UMSocialCore.framework; sourceTree = "<group>"; };
		04A9D9E1217738D900D253A1 /* UShareUI.framework */ = {isa = PBXFileReference; lastKnownFileType = wrapper.framework; path = UShareUI.framework; sourceTree = "<group>"; };
		04A9D9E2217738D900D253A1 /* UMSocialSDKResources.bundle */ = {isa = PBXFileReference; lastKnownFileType = "wrapper.plug-in"; path = UMSocialSDKResources.bundle; sourceTree = "<group>"; };
		04A9D9E3217738D900D253A1 /* UMSocialSDKPromptResources.bundle */ = {isa = PBXFileReference; lastKnownFileType = "wrapper.plug-in"; path = UMSocialSDKPromptResources.bundle; sourceTree = "<group>"; };
		04A9D9E4217738D900D253A1 /* TMShare.framework */ = {isa = PBXFileReference; lastKnownFileType = wrapper.framework; path = TMShare.framework; sourceTree = "<group>"; };
		04A9D9E5217738D900D253A1 /* UMSocialNetwork.framework */ = {isa = PBXFileReference; lastKnownFileType = wrapper.framework; path = UMSocialNetwork.framework; sourceTree = "<group>"; };
		04A9D9E6217738D900D253A1 /* config.xml */ = {isa = PBXFileReference; fileEncoding = 4; lastKnownFileType = text.xml; path = config.xml; sourceTree = "<group>"; };
		04A9D9E7217738D900D253A1 /* TMSDK.framework */ = {isa = PBXFileReference; lastKnownFileType = wrapper.framework; path = TMSDK.framework; sourceTree = "<group>"; };
		04A9D9E8217738D900D253A1 /* HLHJFactModuleSDK.h */ = {isa = PBXFileReference; fileEncoding = 4; lastKnownFileType = sourcecode.c.h; path = HLHJFactModuleSDK.h; sourceTree = "<group>"; };
		04A9D9E9217738D900D253A1 /* HLHJPrefixHeader.pch */ = {isa = PBXFileReference; fileEncoding = 4; lastKnownFileType = sourcecode.c.h; path = HLHJPrefixHeader.pch; sourceTree = "<group>"; };
		04A9D9EA217738D900D253A1 /* HLHJAPIHeader.h */ = {isa = PBXFileReference; fileEncoding = 4; lastKnownFileType = sourcecode.c.h; path = HLHJAPIHeader.h; sourceTree = "<group>"; };
		04A9D9ED217738D900D253A1 /* HLHJMoreViewController.m */ = {isa = PBXFileReference; fileEncoding = 4; lastKnownFileType = sourcecode.c.objc; path = HLHJMoreViewController.m; sourceTree = "<group>"; };
		04A9D9EE217738D900D253A1 /* HLHJCustomCameraViewController.m */ = {isa = PBXFileReference; fileEncoding = 4; lastKnownFileType = sourcecode.c.objc; path = HLHJCustomCameraViewController.m; sourceTree = "<group>"; };
		04A9D9EF217738D900D253A1 /* HLHJFactStartViewController.m */ = {isa = PBXFileReference; fileEncoding = 4; lastKnownFileType = sourcecode.c.objc; path = HLHJFactStartViewController.m; sourceTree = "<group>"; };
		04A9D9F0217738D900D253A1 /* HLHJFactViewController.m */ = {isa = PBXFileReference; fileEncoding = 4; lastKnownFileType = sourcecode.c.objc; path = HLHJFactViewController.m; sourceTree = "<group>"; };
		04A9D9F1217738D900D253A1 /* HLHJFactWantViewController.h */ = {isa = PBXFileReference; fileEncoding = 4; lastKnownFileType = sourcecode.c.h; path = HLHJFactWantViewController.h; sourceTree = "<group>"; };
		04A9D9F2217738D900D253A1 /* HLHJCustomCameraViewController.h */ = {isa = PBXFileReference; fileEncoding = 4; lastKnownFileType = sourcecode.c.h; path = HLHJCustomCameraViewController.h; sourceTree = "<group>"; };
		04A9D9F3217738D900D253A1 /* HLHJMoreViewController.h */ = {isa = PBXFileReference; fileEncoding = 4; lastKnownFileType = sourcecode.c.h; path = HLHJMoreViewController.h; sourceTree = "<group>"; };
		04A9D9F4217738D900D253A1 /* HLHJFactViewController.h */ = {isa = PBXFileReference; fileEncoding = 4; lastKnownFileType = sourcecode.c.h; path = HLHJFactViewController.h; sourceTree = "<group>"; };
		04A9D9F5217738D900D253A1 /* HLHJFactStartViewController.h */ = {isa = PBXFileReference; fileEncoding = 4; lastKnownFileType = sourcecode.c.h; path = HLHJFactStartViewController.h; sourceTree = "<group>"; };
		04A9D9F6217738D900D253A1 /* HLHJFactWantViewController.m */ = {isa = PBXFileReference; fileEncoding = 4; lastKnownFileType = sourcecode.c.objc; path = HLHJFactWantViewController.m; sourceTree = "<group>"; };
		04A9D9F8217738D900D253A1 /* HLHJFactStartHeaderView.h */ = {isa = PBXFileReference; fileEncoding = 4; lastKnownFileType = sourcecode.c.h; path = HLHJFactStartHeaderView.h; sourceTree = "<group>"; };
		04A9D9F9217738D900D253A1 /* HLHJFactTableViewHeaderView.h */ = {isa = PBXFileReference; fileEncoding = 4; lastKnownFileType = sourcecode.c.h; path = HLHJFactTableViewHeaderView.h; sourceTree = "<group>"; };
		04A9D9FA217738D900D253A1 /* HLHJFactStartFooterView.m */ = {isa = PBXFileReference; fileEncoding = 4; lastKnownFileType = sourcecode.c.objc; path = HLHJFactStartFooterView.m; sourceTree = "<group>"; };
		04A9D9FB217738D900D253A1 /* HLHJFactCommentView.h */ = {isa = PBXFileReference; fileEncoding = 4; lastKnownFileType = sourcecode.c.h; path = HLHJFactCommentView.h; sourceTree = "<group>"; };
		04A9D9FC217738D900D253A1 /* HLHJFactPhotoContainerView.m */ = {isa = PBXFileReference; fileEncoding = 4; lastKnownFileType = sourcecode.c.objc; path = HLHJFactPhotoContainerView.m; sourceTree = "<group>"; };
		04A9D9FD217738D900D253A1 /* HLHJFactTableViewHeaderView.m */ = {isa = PBXFileReference; fileEncoding = 4; lastKnownFileType = sourcecode.c.objc; path = HLHJFactTableViewHeaderView.m; sourceTree = "<group>"; };
		04A9D9FE217738D900D253A1 /* HLHJFactStartHeaderView.m */ = {isa = PBXFileReference; fileEncoding = 4; lastKnownFileType = sourcecode.c.objc; path = HLHJFactStartHeaderView.m; sourceTree = "<group>"; };
		04A9D9FF217738D900D253A1 /* HLHJFactPhotoContainerView.h */ = {isa = PBXFileReference; fileEncoding = 4; lastKnownFileType = sourcecode.c.h; path = HLHJFactPhotoContainerView.h; sourceTree = "<group>"; };
		04A9DA00217738D900D253A1 /* HLHJFactCommentView.m */ = {isa = PBXFileReference; fileEncoding = 4; lastKnownFileType = sourcecode.c.objc; path = HLHJFactCommentView.m; sourceTree = "<group>"; };
		04A9DA01217738D900D253A1 /* HLHJFactStartFooterView.h */ = {isa = PBXFileReference; fileEncoding = 4; lastKnownFileType = sourcecode.c.h; path = HLHJFactStartFooterView.h; sourceTree = "<group>"; };
		04A9DA03217738D900D253A1 /* HLHJCommenTableViewCell.h */ = {isa = PBXFileReference; fileEncoding = 4; lastKnownFileType = sourcecode.c.h; path = HLHJCommenTableViewCell.h; sourceTree = "<group>"; };
		04A9DA04217738D900D253A1 /* HLHJCollectionViewFlowLayout.m */ = {isa = PBXFileReference; fileEncoding = 4; lastKnownFileType = sourcecode.c.objc; path = HLHJCollectionViewFlowLayout.m; sourceTree = "<group>"; };
		04A9DA05217738D900D253A1 /* HLHJCollectionViewCell.m */ = {isa = PBXFileReference; fileEncoding = 4; lastKnownFileType = sourcecode.c.objc; path = HLHJCollectionViewCell.m; sourceTree = "<group>"; };
		04A9DA06217738D900D253A1 /* HLHJFactTableViewCell.m */ = {isa = PBXFileReference; fileEncoding = 4; lastKnownFileType = sourcecode.c.objc; path = HLHJFactTableViewCell.m; sourceTree = "<group>"; };
		04A9DA07217738D900D253A1 /* HLHJCommenTableViewCell.m */ = {isa = PBXFileReference; fileEncoding = 4; lastKnownFileType = sourcecode.c.objc; path = HLHJCommenTableViewCell.m; sourceTree = "<group>"; };
		04A9DA08217738D900D253A1 /* HLHJCollectionViewFlowLayout.h */ = {isa = PBXFileReference; fileEncoding = 4; lastKnownFileType = sourcecode.c.h; path = HLHJCollectionViewFlowLayout.h; sourceTree = "<group>"; };
		04A9DA09217738D900D253A1 /* HLHJCollectionViewCell.h */ = {isa = PBXFileReference; fileEncoding = 4; lastKnownFileType = sourcecode.c.h; path = HLHJCollectionViewCell.h; sourceTree = "<group>"; };
		04A9DA0A217738D900D253A1 /* HLHJFactTableViewCell.h */ = {isa = PBXFileReference; fileEncoding = 4; lastKnownFileType = sourcecode.c.h; path = HLHJFactTableViewCell.h; sourceTree = "<group>"; };
		04A9DA0C217738D900D253A1 /* HLHJCommenModel.m */ = {isa = PBXFileReference; fileEncoding = 4; lastKnownFileType = sourcecode.c.objc; path = HLHJCommenModel.m; sourceTree = "<group>"; };
		04A9DA0D217738D900D253A1 /* HLHJFactCellModel.h */ = {isa = PBXFileReference; fileEncoding = 4; lastKnownFileType = sourcecode.c.h; path = HLHJFactCellModel.h; sourceTree = "<group>"; };
		04A9DA0E217738D900D253A1 /* HLHJFactCellModel.m */ = {isa = PBXFileReference; fileEncoding = 4; lastKnownFileType = sourcecode.c.objc; path = HLHJFactCellModel.m; sourceTree = "<group>"; };
		04A9DA0F217738D900D253A1 /* HLHJCommenModel.h */ = {isa = PBXFileReference; fileEncoding = 4; lastKnownFileType = sourcecode.c.h; path = HLHJCommenModel.h; sourceTree = "<group>"; };
		04A9DA10217738D900D253A1 /* Info.plist */ = {isa = PBXFileReference; fileEncoding = 4; lastKnownFileType = text.plist.xml; path = Info.plist; sourceTree = "<group>"; };
		04A9DA12217738D900D253A1 /* UIView+HLHJExtension.m */ = {isa = PBXFileReference; fileEncoding = 4; lastKnownFileType = sourcecode.c.objc; path = "UIView+HLHJExtension.m"; sourceTree = "<group>"; };
		04A9DA13217738D900D253A1 /* HDManager.h */ = {isa = PBXFileReference; fileEncoding = 4; lastKnownFileType = sourcecode.c.h; path = HDManager.h; sourceTree = "<group>"; };
		04A9DA15217738D900D253A1 /* HLHJFactNetworkTool.m */ = {isa = PBXFileReference; fileEncoding = 4; lastKnownFileType = sourcecode.c.objc; path = HLHJFactNetworkTool.m; sourceTree = "<group>"; };
		04A9DA16217738D900D253A1 /* HLHJFactNetworkTool.h */ = {isa = PBXFileReference; fileEncoding = 4; lastKnownFileType = sourcecode.c.h; path = HLHJFactNetworkTool.h; sourceTree = "<group>"; };
		04A9DA17217738D900D253A1 /* HLHJFFactInputToolbar.m */ = {isa = PBXFileReference; fileEncoding = 4; lastKnownFileType = sourcecode.c.objc; path = HLHJFFactInputToolbar.m; sourceTree = "<group>"; };
		04A9DA18217738D900D253A1 /* UIView+HLHJExtension.h */ = {isa = PBXFileReference; fileEncoding = 4; lastKnownFileType = sourcecode.c.h; path = "UIView+HLHJExtension.h"; sourceTree = "<group>"; };
		04A9DA19217738D900D253A1 /* HDManager.m */ = {isa = PBXFileReference; fileEncoding = 4; lastKnownFileType = sourcecode.c.objc; path = HDManager.m; sourceTree = "<group>"; };
		04A9DA1A217738D900D253A1 /* HLHJFFactInputToolbar.h */ = {isa = PBXFileReference; fileEncoding = 4; lastKnownFileType = sourcecode.c.h; path = HLHJFFactInputToolbar.h; sourceTree = "<group>"; };
		04A9DA1C217738D900D253A1 /* UIView+Toast.h */ = {isa = PBXFileReference; fileEncoding = 4; lastKnownFileType = sourcecode.c.h; path = "UIView+Toast.h"; sourceTree = "<group>"; };
		04A9DA1D217738D900D253A1 /* HLHJFactAlertTool.m */ = {isa = PBXFileReference; fileEncoding = 4; lastKnownFileType = sourcecode.c.objc; path = HLHJFactAlertTool.m; sourceTree = "<group>"; };
		04A9DA1E217738D900D253A1 /* UIView+Toast.m */ = {isa = PBXFileReference; fileEncoding = 4; lastKnownFileType = sourcecode.c.objc; path = "UIView+Toast.m"; sourceTree = "<group>"; };
		04A9DA1F217738D900D253A1 /* HLHJFactAlertTool.h */ = {isa = PBXFileReference; fileEncoding = 4; lastKnownFileType = sourcecode.c.h; path = HLHJFactAlertTool.h; sourceTree = "<group>"; };
		4F5574B40944D676FE021477 /* Pods_HLHJFactModuleSDK.framework */ = {isa = PBXFileReference; explicitFileType = wrapper.framework; includeInIndex = 0; path = Pods_HLHJFactModuleSDK.framework; sourceTree = BUILT_PRODUCTS_DIR; };
		8BE4489AF403966F23A68FE8 /* Pods-HLHJFactModuleSDK.release.xcconfig */ = {isa = PBXFileReference; includeInIndex = 1; lastKnownFileType = text.xcconfig; name = "Pods-HLHJFactModuleSDK.release.xcconfig"; path = "Pods/Target Support Files/Pods-HLHJFactModuleSDK/Pods-HLHJFactModuleSDK.release.xcconfig"; sourceTree = "<group>"; };
		C0703A743B1362F0D0EB0E35 /* Pods-HLHJFactModuleSDK.debug.xcconfig */ = {isa = PBXFileReference; includeInIndex = 1; lastKnownFileType = text.xcconfig; name = "Pods-HLHJFactModuleSDK.debug.xcconfig"; path = "Pods/Target Support Files/Pods-HLHJFactModuleSDK/Pods-HLHJFactModuleSDK.debug.xcconfig"; sourceTree = "<group>"; };
/* End PBXFileReference section */

/* Begin PBXFrameworksBuildPhase section */
		0486871D20A579E4002A8F49 /* Frameworks */ = {
			isa = PBXFrameworksBuildPhase;
			buildActionMask = 2147483647;
			files = (
				04A9DA4C217738D900D253A1 /* UShareUI.framework in Frameworks */,
				6B1BBD0AD76F6510F3185F70 /* Pods_HLHJFactModuleSDK.framework in Frameworks */,
				04A9DA50217738D900D253A1 /* UMSocialNetwork.framework in Frameworks */,
				04A9DA4F217738D900D253A1 /* TMShare.framework in Frameworks */,
				04A9DA52217738D900D253A1 /* TMSDK.framework in Frameworks */,
				04A9DA4B217738D900D253A1 /* UMSocialCore.framework in Frameworks */,
				04A9DA45217738D900D253A1 /* SetI001.framework in Frameworks */,
			);
			runOnlyForDeploymentPostprocessing = 0;
		};
/* End PBXFrameworksBuildPhase section */

/* Begin PBXGroup section */
		0486871720A579E4002A8F49 = {
			isa = PBXGroup;
			children = (
				0486872320A579E4002A8F49 /* HLHJFactModuleSDK */,
				0486872220A579E4002A8F49 /* Products */,
				233C4012AD06F177655B9B93 /* Pods */,
				6E9F6747D9598A3C05164049 /* Frameworks */,
			);
			sourceTree = "<group>";
		};
		0486872220A579E4002A8F49 /* Products */ = {
			isa = PBXGroup;
			children = (
				0486872120A579E4002A8F49 /* HLHJFactModuleSDK.framework */,
			);
			name = Products;
			sourceTree = "<group>";
		};
		0486872320A579E4002A8F49 /* HLHJFactModuleSDK */ = {
			isa = PBXGroup;
			children = (
				04A9D99D217738D800D253A1 /* Classes */,
			);
			path = HLHJFactModuleSDK;
			sourceTree = "<group>";
		};
		04A9D99D217738D800D253A1 /* Classes */ = {
			isa = PBXGroup;
			children = (
				04A9D99E217738D800D253A1 /* OtherSDK */,
				04A9D9E8217738D900D253A1 /* HLHJFactModuleSDK.h */,
				04A9D9E9217738D900D253A1 /* HLHJPrefixHeader.pch */,
				04A9D9EA217738D900D253A1 /* HLHJAPIHeader.h */,
				04A9D9EB217738D900D253A1 /* Fact */,
				04A9DA10217738D900D253A1 /* Info.plist */,
				04A9DA11217738D900D253A1 /* Tool */,
				04A9DA1B217738D900D253A1 /* ToastView */,
			);
			path = Classes;
			sourceTree = "<group>";
		};
		04A9D99E217738D800D253A1 /* OtherSDK */ = {
			isa = PBXGroup;
			children = (
				04A9D99F217738D800D253A1 /* SDPhotoBrowser */,
				04A9D9A7217738D800D253A1 /* MLEmojiLabel */,
				04A9D9CC217738D800D253A1 /* SDCycleScrollView */,
				04A9D9D0217738D800D253A1 /* User */,
				04A9D9D3217738D800D253A1 /* AFNetworking */,
				04A9D9D4217738D900D253A1 /* VideoPlayer */,
				04A9D9DA217738D900D253A1 /* MJRefresh */,
				04A9D9DE217738D900D253A1 /* EngineSdk */,
			);
			path = OtherSDK;
			sourceTree = "<group>";
		};
		04A9D99F217738D800D253A1 /* SDPhotoBrowser */ = {
			isa = PBXGroup;
			children = (
				04A9D9A0217738D800D253A1 /* SDWaitingView.m */,
				04A9D9A1217738D800D253A1 /* SDBrowserImageView.h */,
				04A9D9A2217738D800D253A1 /* SDPhotoBrowserConfig.h */,
				04A9D9A3217738D800D253A1 /* SDPhotoBrowser.h */,
				04A9D9A4217738D800D253A1 /* SDWaitingView.h */,
				04A9D9A5217738D800D253A1 /* SDBrowserImageView.m */,
				04A9D9A6217738D800D253A1 /* SDPhotoBrowser.m */,
			);
			path = SDPhotoBrowser;
			sourceTree = "<group>";
		};
		04A9D9A7217738D800D253A1 /* MLEmojiLabel */ = {
			isa = PBXGroup;
			children = (
				04A9D9A8217738D800D253A1 /* MLEmojiLabel.h */,
				04A9D9A9217738D800D253A1 /* MLLabel */,
				04A9D9C5217738D800D253A1 /* TTTAttributedLabel */,
				04A9D9C8217738D800D253A1 /* MLEmojiLabel.m */,
				04A9D9C9217738D800D253A1 /* MLEmoji_Expression.bundle */,
				04A9D9CA217738D800D253A1 /* MLEmoji_Expression.plist */,
				04A9D9CB217738D800D253A1 /* MLEmoji_ExpressionImage.plist */,
			);
			path = MLEmojiLabel;
			sourceTree = "<group>";
		};
		04A9D9A9217738D800D253A1 /* MLLabel */ = {
			isa = PBXGroup;
			children = (
				04A9D9AA217738D800D253A1 /* Classes */,
				04A9D9C3217738D800D253A1 /* LICENSE */,
				04A9D9C4217738D800D253A1 /* README.md */,
			);
			path = MLLabel;
			sourceTree = "<group>";
		};
		04A9D9AA217738D800D253A1 /* Classes */ = {
			isa = PBXGroup;
			children = (
				04A9D9AB217738D800D253A1 /* Helper */,
				04A9D9AF217738D800D253A1 /* MLLinkLabel.h */,
				04A9D9B0217738D800D253A1 /* MLLabel.m */,
				04A9D9B1217738D800D253A1 /* Category */,
				04A9D9B8217738D800D253A1 /* Expression */,
				04A9D9C1217738D800D253A1 /* MLLinkLabel.m */,
				04A9D9C2217738D800D253A1 /* MLLabel.h */,
			);
			path = Classes;
			sourceTree = "<group>";
		};
		04A9D9AB217738D800D253A1 /* Helper */ = {
			isa = PBXGroup;
			children = (
				04A9D9AC217738D800D253A1 /* MLLabel+Override.h */,
				04A9D9AD217738D800D253A1 /* MLLabelLayoutManager.h */,
				04A9D9AE217738D800D253A1 /* MLLabelLayoutManager.m */,
			);
			path = Helper;
			sourceTree = "<group>";
		};
		04A9D9B1217738D800D253A1 /* Category */ = {
			isa = PBXGroup;
			children = (
				04A9D9B2217738D800D253A1 /* NSMutableAttributedString+MLLabel.h */,
				04A9D9B3217738D800D253A1 /* NSAttributedString+MLLabel.h */,
				04A9D9B4217738D800D253A1 /* NSString+MLLabel.h */,
				04A9D9B5217738D800D253A1 /* NSMutableAttributedString+MLLabel.m */,
				04A9D9B6217738D800D253A1 /* NSAttributedString+MLLabel.m */,
				04A9D9B7217738D800D253A1 /* NSString+MLLabel.m */,
			);
			path = Category;
			sourceTree = "<group>";
		};
		04A9D9B8217738D800D253A1 /* Expression */ = {
			isa = PBXGroup;
			children = (
				04A9D9B9217738D800D253A1 /* NSString+MLExpression.h */,
				04A9D9BA217738D800D253A1 /* MLTextAttachment.h */,
				04A9D9BB217738D800D253A1 /* MLExpressionManager.h */,
				04A9D9BC217738D800D253A1 /* NSAttributedString+MLExpression.m */,
				04A9D9BD217738D800D253A1 /* NSString+MLExpression.m */,
				04A9D9BE217738D800D253A1 /* MLExpressionManager.m */,
				04A9D9BF217738D800D253A1 /* MLTextAttachment.m */,
				04A9D9C0217738D800D253A1 /* NSAttributedString+MLExpression.h */,
			);
			path = Expression;
			sourceTree = "<group>";
		};
		04A9D9C5217738D800D253A1 /* TTTAttributedLabel */ = {
			isa = PBXGroup;
			children = (
				04A9D9C6217738D800D253A1 /* TTTAttributedLabel.m */,
				04A9D9C7217738D800D253A1 /* TTTAttributedLabel.h */,
			);
			path = TTTAttributedLabel;
			sourceTree = "<group>";
		};
		04A9D9CC217738D800D253A1 /* SDCycleScrollView */ = {
			isa = PBXGroup;
			children = (
				04A9D9CD217738D800D253A1 /* SDCycleScrollView */,
			);
			path = SDCycleScrollView;
			sourceTree = "<group>";
		};
		04A9D9CD217738D800D253A1 /* SDCycleScrollView */ = {
			isa = PBXGroup;
			children = (
				04A9D9CE217738D800D253A1 /* Lib */,
			);
			path = SDCycleScrollView;
			sourceTree = "<group>";
		};
		04A9D9CE217738D800D253A1 /* Lib */ = {
			isa = PBXGroup;
			children = (
				04A9D9CF217738D800D253A1 /* SDCycleScrollView */,
			);
			path = Lib;
			sourceTree = "<group>";
		};
		04A9D9CF217738D800D253A1 /* SDCycleScrollView */ = {
			isa = PBXGroup;
			children = (
			);
			path = SDCycleScrollView;
			sourceTree = "<group>";
		};
		04A9D9D0217738D800D253A1 /* User */ = {
			isa = PBXGroup;
			children = (
				04A9D9D1217738D800D253A1 /* SetI001.framework */,
				04A9D9D2217738D800D253A1 /* SetI001.bundle */,
			);
			path = User;
			sourceTree = "<group>";
		};
		04A9D9D3217738D800D253A1 /* AFNetworking */ = {
			isa = PBXGroup;
			children = (
			);
			path = AFNetworking;
			sourceTree = "<group>";
		};
		04A9D9D4217738D900D253A1 /* VideoPlayer */ = {
			isa = PBXGroup;
			children = (
				04A9D9D5217738D900D253A1 /* XLVideoPlayer.h */,
				04A9D9D6217738D900D253A1 /* Slider */,
				04A9D9D9217738D900D253A1 /* XLVideoPlayer.m */,
			);
			path = VideoPlayer;
			sourceTree = "<group>";
		};
		04A9D9D6217738D900D253A1 /* Slider */ = {
			isa = PBXGroup;
			children = (
				04A9D9D7217738D900D253A1 /* XLSlider.m */,
				04A9D9D8217738D900D253A1 /* XLSlider.h */,
			);
			path = Slider;
			sourceTree = "<group>";
		};
		04A9D9DA217738D900D253A1 /* MJRefresh */ = {
			isa = PBXGroup;
			children = (
				04A9D9DB217738D900D253A1 /* MJRefresh */,
			);
			path = MJRefresh;
			sourceTree = "<group>";
		};
		04A9D9DB217738D900D253A1 /* MJRefresh */ = {
			isa = PBXGroup;
			children = (
				04A9D9DC217738D900D253A1 /* Custom */,
			);
			path = MJRefresh;
			sourceTree = "<group>";
		};
		04A9D9DC217738D900D253A1 /* Custom */ = {
			isa = PBXGroup;
			children = (
				04A9D9DD217738D900D253A1 /* Footer */,
			);
			path = Custom;
			sourceTree = "<group>";
		};
		04A9D9DD217738D900D253A1 /* Footer */ = {
			isa = PBXGroup;
			children = (
			);
			path = Footer;
			sourceTree = "<group>";
		};
		04A9D9DE217738D900D253A1 /* EngineSdk */ = {
			isa = PBXGroup;
			children = (
				04A9D9DF217738D900D253A1 /* TMShareSdk */,
				04A9D9E6217738D900D253A1 /* config.xml */,
				04A9D9E7217738D900D253A1 /* TMSDK.framework */,
			);
			path = EngineSdk;
			sourceTree = "<group>";
		};
		04A9D9DF217738D900D253A1 /* TMShareSdk */ = {
			isa = PBXGroup;
			children = (
				04A9D9E0217738D900D253A1 /* UMSocialCore.framework */,
				04A9D9E1217738D900D253A1 /* UShareUI.framework */,
				04A9D9E2217738D900D253A1 /* UMSocialSDKResources.bundle */,
				04A9D9E3217738D900D253A1 /* UMSocialSDKPromptResources.bundle */,
				04A9D9E4217738D900D253A1 /* TMShare.framework */,
				04A9D9E5217738D900D253A1 /* UMSocialNetwork.framework */,
			);
			path = TMShareSdk;
			sourceTree = "<group>";
		};
		04A9D9EB217738D900D253A1 /* Fact */ = {
			isa = PBXGroup;
			children = (
				04A9D9EC217738D900D253A1 /* VC */,
				04A9D9F7217738D900D253A1 /* HeadView */,
				04A9DA02217738D900D253A1 /* Cell */,
				04A9DA0B217738D900D253A1 /* Model */,
			);
			path = Fact;
			sourceTree = "<group>";
		};
		04A9D9EC217738D900D253A1 /* VC */ = {
			isa = PBXGroup;
			children = (
				04A9D9ED217738D900D253A1 /* HLHJMoreViewController.m */,
				04A9D9EE217738D900D253A1 /* HLHJCustomCameraViewController.m */,
				04A9D9EF217738D900D253A1 /* HLHJFactStartViewController.m */,
				04A9D9F0217738D900D253A1 /* HLHJFactViewController.m */,
				04A9D9F1217738D900D253A1 /* HLHJFactWantViewController.h */,
				04A9D9F2217738D900D253A1 /* HLHJCustomCameraViewController.h */,
				04A9D9F3217738D900D253A1 /* HLHJMoreViewController.h */,
				04A9D9F4217738D900D253A1 /* HLHJFactViewController.h */,
				04A9D9F5217738D900D253A1 /* HLHJFactStartViewController.h */,
				04A9D9F6217738D900D253A1 /* HLHJFactWantViewController.m */,
			);
			path = VC;
			sourceTree = "<group>";
		};
		04A9D9F7217738D900D253A1 /* HeadView */ = {
			isa = PBXGroup;
			children = (
				04A9D9F8217738D900D253A1 /* HLHJFactStartHeaderView.h */,
				04A9D9F9217738D900D253A1 /* HLHJFactTableViewHeaderView.h */,
				04A9D9FA217738D900D253A1 /* HLHJFactStartFooterView.m */,
				04A9D9FB217738D900D253A1 /* HLHJFactCommentView.h */,
				04A9D9FC217738D900D253A1 /* HLHJFactPhotoContainerView.m */,
				04A9D9FD217738D900D253A1 /* HLHJFactTableViewHeaderView.m */,
				04A9D9FE217738D900D253A1 /* HLHJFactStartHeaderView.m */,
				04A9D9FF217738D900D253A1 /* HLHJFactPhotoContainerView.h */,
				04A9DA00217738D900D253A1 /* HLHJFactCommentView.m */,
				04A9DA01217738D900D253A1 /* HLHJFactStartFooterView.h */,
			);
			path = HeadView;
			sourceTree = "<group>";
		};
		04A9DA02217738D900D253A1 /* Cell */ = {
			isa = PBXGroup;
			children = (
				04A9DA03217738D900D253A1 /* HLHJCommenTableViewCell.h */,
				04A9DA04217738D900D253A1 /* HLHJCollectionViewFlowLayout.m */,
				04A9DA05217738D900D253A1 /* HLHJCollectionViewCell.m */,
				04A9DA06217738D900D253A1 /* HLHJFactTableViewCell.m */,
				04A9DA07217738D900D253A1 /* HLHJCommenTableViewCell.m */,
				04A9DA08217738D900D253A1 /* HLHJCollectionViewFlowLayout.h */,
				04A9DA09217738D900D253A1 /* HLHJCollectionViewCell.h */,
				04A9DA0A217738D900D253A1 /* HLHJFactTableViewCell.h */,
			);
			path = Cell;
			sourceTree = "<group>";
		};
		04A9DA0B217738D900D253A1 /* Model */ = {
			isa = PBXGroup;
			children = (
				04A9DA0C217738D900D253A1 /* HLHJCommenModel.m */,
				04A9DA0D217738D900D253A1 /* HLHJFactCellModel.h */,
				04A9DA0E217738D900D253A1 /* HLHJFactCellModel.m */,
				04A9DA0F217738D900D253A1 /* HLHJCommenModel.h */,
			);
			path = Model;
			sourceTree = "<group>";
		};
		04A9DA11217738D900D253A1 /* Tool */ = {
			isa = PBXGroup;
			children = (
				04A9DA12217738D900D253A1 /* UIView+HLHJExtension.m */,
				04A9DA13217738D900D253A1 /* HDManager.h */,
				04A9DA14217738D900D253A1 /* NetWork */,
				04A9DA17217738D900D253A1 /* HLHJFFactInputToolbar.m */,
				04A9DA18217738D900D253A1 /* UIView+HLHJExtension.h */,
				04A9DA19217738D900D253A1 /* HDManager.m */,
				04A9DA1A217738D900D253A1 /* HLHJFFactInputToolbar.h */,
			);
			path = Tool;
			sourceTree = "<group>";
		};
		04A9DA14217738D900D253A1 /* NetWork */ = {
			isa = PBXGroup;
			children = (
				04A9DA15217738D900D253A1 /* HLHJFactNetworkTool.m */,
				04A9DA16217738D900D253A1 /* HLHJFactNetworkTool.h */,
			);
			path = NetWork;
			sourceTree = "<group>";
		};
		04A9DA1B217738D900D253A1 /* ToastView */ = {
			isa = PBXGroup;
			children = (
				04A9DA1C217738D900D253A1 /* UIView+Toast.h */,
				04A9DA1D217738D900D253A1 /* HLHJFactAlertTool.m */,
				04A9DA1E217738D900D253A1 /* UIView+Toast.m */,
				04A9DA1F217738D900D253A1 /* HLHJFactAlertTool.h */,
			);
			path = ToastView;
			sourceTree = "<group>";
		};
		233C4012AD06F177655B9B93 /* Pods */ = {
			isa = PBXGroup;
			children = (
				C0703A743B1362F0D0EB0E35 /* Pods-HLHJFactModuleSDK.debug.xcconfig */,
				8BE4489AF403966F23A68FE8 /* Pods-HLHJFactModuleSDK.release.xcconfig */,
			);
			name = Pods;
			sourceTree = "<group>";
		};
		6E9F6747D9598A3C05164049 /* Frameworks */ = {
			isa = PBXGroup;
			children = (
				4F5574B40944D676FE021477 /* Pods_HLHJFactModuleSDK.framework */,
			);
			name = Frameworks;
			sourceTree = "<group>";
		};
/* End PBXGroup section */

/* Begin PBXHeadersBuildPhase section */
		0486871E20A579E4002A8F49 /* Headers */ = {
			isa = PBXHeadersBuildPhase;
			buildActionMask = 2147483647;
			files = (
				04A9DA7C217738D900D253A1 /* UIView+HLHJExtension.h in Headers */,
				04A9DA2F217738D900D253A1 /* NSString+MLLabel.h in Headers */,
				04A9DA5D217738D900D253A1 /* HLHJFactViewController.h in Headers */,
				04A9DA21217738D900D253A1 /* SDBrowserImageView.h in Headers */,
				04A9DA49217738D900D253A1 /* XLSlider.h in Headers */,
				04A9DA40217738D900D253A1 /* TTTAttributedLabel.h in Headers */,
				04A9DA2D217738D900D253A1 /* NSMutableAttributedString+MLLabel.h in Headers */,
				04A9DA6A217738D900D253A1 /* HLHJCommenTableViewCell.h in Headers */,
				04A9DA67217738D900D253A1 /* HLHJFactPhotoContainerView.h in Headers */,
				04A9DA22217738D900D253A1 /* SDPhotoBrowserConfig.h in Headers */,
				04A9DA70217738D900D253A1 /* HLHJCollectionViewCell.h in Headers */,
				04A9DA78217738D900D253A1 /* HDManager.h in Headers */,
				04A9DA47217738D900D253A1 /* XLVideoPlayer.h in Headers */,
				04A9DA2B217738D900D253A1 /* MLLinkLabel.h in Headers */,
				04A9DA55217738D900D253A1 /* HLHJAPIHeader.h in Headers */,
				04A9DA69217738D900D253A1 /* HLHJFactStartFooterView.h in Headers */,
				04A9DA3A217738D900D253A1 /* NSAttributedString+MLExpression.h in Headers */,
				04A9DA61217738D900D253A1 /* HLHJFactTableViewHeaderView.h in Headers */,
				04A9DA5C217738D900D253A1 /* HLHJMoreViewController.h in Headers */,
				04A9DA33217738D900D253A1 /* NSString+MLExpression.h in Headers */,
				04A9DA73217738D900D253A1 /* HLHJFactCellModel.h in Headers */,
				04A9DA2E217738D900D253A1 /* NSAttributedString+MLLabel.h in Headers */,
				04A9DA3C217738D900D253A1 /* MLLabel.h in Headers */,
				04A9DA5A217738D900D253A1 /* HLHJFactWantViewController.h in Headers */,
				04A9DA5B217738D900D253A1 /* HLHJCustomCameraViewController.h in Headers */,
				04A9DA5E217738D900D253A1 /* HLHJFactStartViewController.h in Headers */,
				04A9DA34217738D900D253A1 /* MLTextAttachment.h in Headers */,
				04A9DA82217738D900D253A1 /* HLHJFactAlertTool.h in Headers */,
				04A9DA28217738D900D253A1 /* MLLabel+Override.h in Headers */,
				04A9DA27217738D900D253A1 /* MLEmojiLabel.h in Headers */,
				04A9DA54217738D900D253A1 /* HLHJPrefixHeader.pch in Headers */,
				04A9DA24217738D900D253A1 /* SDWaitingView.h in Headers */,
				04A9DA71217738D900D253A1 /* HLHJFactTableViewCell.h in Headers */,
				04A9DA7E217738D900D253A1 /* HLHJFFactInputToolbar.h in Headers */,
				04A9DA35217738D900D253A1 /* MLExpressionManager.h in Headers */,
				04A9DA63217738D900D253A1 /* HLHJFactCommentView.h in Headers */,
				04A9DA53217738D900D253A1 /* HLHJFactModuleSDK.h in Headers */,
				04A9DA75217738D900D253A1 /* HLHJCommenModel.h in Headers */,
				04A9DA7F217738D900D253A1 /* UIView+Toast.h in Headers */,
				04A9DA60217738D900D253A1 /* HLHJFactStartHeaderView.h in Headers */,
				04A9DA29217738D900D253A1 /* MLLabelLayoutManager.h in Headers */,
				04A9DA23217738D900D253A1 /* SDPhotoBrowser.h in Headers */,
				04A9DA6F217738D900D253A1 /* HLHJCollectionViewFlowLayout.h in Headers */,
				04A9DA7A217738D900D253A1 /* HLHJFactNetworkTool.h in Headers */,
			);
			runOnlyForDeploymentPostprocessing = 0;
		};
/* End PBXHeadersBuildPhase section */

/* Begin PBXNativeTarget section */
		0486872020A579E4002A8F49 /* HLHJFactModuleSDK */ = {
			isa = PBXNativeTarget;
			buildConfigurationList = 0486872920A579E5002A8F49 /* Build configuration list for PBXNativeTarget "HLHJFactModuleSDK" */;
			buildPhases = (
				31B8CCC7FA836EA0A3385E49 /* [CP] Check Pods Manifest.lock */,
				0486871C20A579E4002A8F49 /* Sources */,
				0486871D20A579E4002A8F49 /* Frameworks */,
				0486871E20A579E4002A8F49 /* Headers */,
				0486871F20A579E4002A8F49 /* Resources */,
				823B3B607514F058E9099374 /* [CP] Copy Pods Resources */,
			);
			buildRules = (
			);
			dependencies = (
			);
			name = HLHJFactModuleSDK;
			productName = HLHJFactModuleSDK;
			productReference = 0486872120A579E4002A8F49 /* HLHJFactModuleSDK.framework */;
			productType = "com.apple.product-type.framework";
		};
/* End PBXNativeTarget section */

/* Begin PBXProject section */
		0486871820A579E4002A8F49 /* Project object */ = {
			isa = PBXProject;
			attributes = {
				CLASSPREFIX = HLHJ;
				LastUpgradeCheck = 0920;
				ORGANIZATIONNAME = mac;
				TargetAttributes = {
					0486872020A579E4002A8F49 = {
						CreatedOnToolsVersion = 9.2;
						ProvisioningStyle = Automatic;
					};
				};
			};
			buildConfigurationList = 0486871B20A579E4002A8F49 /* Build configuration list for PBXProject "HLHJFactModuleSDK" */;
			compatibilityVersion = "Xcode 8.0";
			developmentRegion = en;
			hasScannedForEncodings = 0;
			knownRegions = (
				en,
			);
			mainGroup = 0486871720A579E4002A8F49;
			productRefGroup = 0486872220A579E4002A8F49 /* Products */;
			projectDirPath = "";
			projectRoot = "";
			targets = (
				0486872020A579E4002A8F49 /* HLHJFactModuleSDK */,
			);
		};
/* End PBXProject section */

/* Begin PBXResourcesBuildPhase section */
		0486871F20A579E4002A8F49 /* Resources */ = {
			isa = PBXResourcesBuildPhase;
			buildActionMask = 2147483647;
			files = (
				04A9DA3E217738D900D253A1 /* README.md in Resources */,
				04A9DA42217738D900D253A1 /* MLEmoji_Expression.bundle in Resources */,
				04A9DA44217738D900D253A1 /* MLEmoji_ExpressionImage.plist in Resources */,
				04A9DA43217738D900D253A1 /* MLEmoji_Expression.plist in Resources */,
				04A9DA46217738D900D253A1 /* SetI001.bundle in Resources */,
				04A9DA4D217738D900D253A1 /* UMSocialSDKResources.bundle in Resources */,
				04A9DA51217738D900D253A1 /* config.xml in Resources */,
				04A9DA3D217738D900D253A1 /* LICENSE in Resources */,
				04A9DA76217738D900D253A1 /* Info.plist in Resources */,
				04A9DA4E217738D900D253A1 /* UMSocialSDKPromptResources.bundle in Resources */,
			);
			runOnlyForDeploymentPostprocessing = 0;
		};
/* End PBXResourcesBuildPhase section */

/* Begin PBXShellScriptBuildPhase section */
		31B8CCC7FA836EA0A3385E49 /* [CP] Check Pods Manifest.lock */ = {
			isa = PBXShellScriptBuildPhase;
			buildActionMask = 2147483647;
			files = (
			);
			inputPaths = (
				"${PODS_PODFILE_DIR_PATH}/Podfile.lock",
				"${PODS_ROOT}/Manifest.lock",
			);
			name = "[CP] Check Pods Manifest.lock";
			outputPaths = (
				"$(DERIVED_FILE_DIR)/Pods-HLHJFactModuleSDK-checkManifestLockResult.txt",
			);
			runOnlyForDeploymentPostprocessing = 0;
			shellPath = /bin/sh;
			shellScript = "diff \"${PODS_PODFILE_DIR_PATH}/Podfile.lock\" \"${PODS_ROOT}/Manifest.lock\" > /dev/null\nif [ $? != 0 ] ; then\n    # print error to STDERR\n    echo \"error: The sandbox is not in sync with the Podfile.lock. Run 'pod install' or update your CocoaPods installation.\" >&2\n    exit 1\nfi\n# This output is used by Xcode 'outputs' to avoid re-running this script phase.\necho \"SUCCESS\" > \"${SCRIPT_OUTPUT_FILE_0}\"\n";
			showEnvVarsInLog = 0;
		};
		823B3B607514F058E9099374 /* [CP] Copy Pods Resources */ = {
			isa = PBXShellScriptBuildPhase;
			buildActionMask = 2147483647;
			files = (
			);
			inputPaths = (
			);
			name = "[CP] Copy Pods Resources";
			outputPaths = (
			);
			runOnlyForDeploymentPostprocessing = 0;
			shellPath = /bin/sh;
			shellScript = "\"${SRCROOT}/Pods/Target Support Files/Pods-HLHJFactModuleSDK/Pods-HLHJFactModuleSDK-resources.sh\"\n";
			showEnvVarsInLog = 0;
		};
/* End PBXShellScriptBuildPhase section */

/* Begin PBXSourcesBuildPhase section */
		0486871C20A579E4002A8F49 /* Sources */ = {
			isa = PBXSourcesBuildPhase;
			buildActionMask = 2147483647;
			files = (
				04A9DA6E217738D900D253A1 /* HLHJCommenTableViewCell.m in Sources */,
				04A9DA39217738D900D253A1 /* MLTextAttachment.m in Sources */,
				04A9DA77217738D900D253A1 /* UIView+HLHJExtension.m in Sources */,
				04A9DA72217738D900D253A1 /* HLHJCommenModel.m in Sources */,
				04A9DA6D217738D900D253A1 /* HLHJFactTableViewCell.m in Sources */,
				04A9DA56217738D900D253A1 /* HLHJMoreViewController.m in Sources */,
				04A9DA3B217738D900D253A1 /* MLLinkLabel.m in Sources */,
				04A9DA26217738D900D253A1 /* SDPhotoBrowser.m in Sources */,
				04A9DA3F217738D900D253A1 /* TTTAttributedLabel.m in Sources */,
				04A9DA79217738D900D253A1 /* HLHJFactNetworkTool.m in Sources */,
				04A9DA58217738D900D253A1 /* HLHJFactStartViewController.m in Sources */,
				04A9DA32217738D900D253A1 /* NSString+MLLabel.m in Sources */,
				04A9DA31217738D900D253A1 /* NSAttributedString+MLLabel.m in Sources */,
				04A9DA6B217738D900D253A1 /* HLHJCollectionViewFlowLayout.m in Sources */,
				04A9DA2C217738D900D253A1 /* MLLabel.m in Sources */,
				04A9DA25217738D900D253A1 /* SDBrowserImageView.m in Sources */,
				04A9DA74217738D900D253A1 /* HLHJFactCellModel.m in Sources */,
				04A9DA65217738D900D253A1 /* HLHJFactTableViewHeaderView.m in Sources */,
				04A9DA38217738D900D253A1 /* MLExpressionManager.m in Sources */,
				04A9DA62217738D900D253A1 /* HLHJFactStartFooterView.m in Sources */,
				04A9DA68217738D900D253A1 /* HLHJFactCommentView.m in Sources */,
				04A9DA81217738D900D253A1 /* UIView+Toast.m in Sources */,
				04A9DA36217738D900D253A1 /* NSAttributedString+MLExpression.m in Sources */,
				04A9DA5F217738D900D253A1 /* HLHJFactWantViewController.m in Sources */,
				04A9DA7D217738D900D253A1 /* HDManager.m in Sources */,
				04A9DA59217738D900D253A1 /* HLHJFactViewController.m in Sources */,
				04A9DA66217738D900D253A1 /* HLHJFactStartHeaderView.m in Sources */,
				04A9DA57217738D900D253A1 /* HLHJCustomCameraViewController.m in Sources */,
				04A9DA20217738D900D253A1 /* SDWaitingView.m in Sources */,
				04A9DA30217738D900D253A1 /* NSMutableAttributedString+MLLabel.m in Sources */,
				04A9DA48217738D900D253A1 /* XLSlider.m in Sources */,
				04A9DA64217738D900D253A1 /* HLHJFactPhotoContainerView.m in Sources */,
				04A9DA4A217738D900D253A1 /* XLVideoPlayer.m in Sources */,
				04A9DA80217738D900D253A1 /* HLHJFactAlertTool.m in Sources */,
				04A9DA41217738D900D253A1 /* MLEmojiLabel.m in Sources */,
				04A9DA6C217738D900D253A1 /* HLHJCollectionViewCell.m in Sources */,
				04A9DA37217738D900D253A1 /* NSString+MLExpression.m in Sources */,
				04A9DA2A217738D900D253A1 /* MLLabelLayoutManager.m in Sources */,
				04A9DA7B217738D900D253A1 /* HLHJFFactInputToolbar.m in Sources */,
			);
			runOnlyForDeploymentPostprocessing = 0;
		};
/* End PBXSourcesBuildPhase section */

/* Begin XCBuildConfiguration section */
		0486872720A579E4002A8F49 /* Debug */ = {
			isa = XCBuildConfiguration;
			buildSettings = {
				ALWAYS_SEARCH_USER_PATHS = NO;
				CLANG_ANALYZER_NONNULL = YES;
				CLANG_ANALYZER_NUMBER_OBJECT_CONVERSION = YES_AGGRESSIVE;
				CLANG_CXX_LANGUAGE_STANDARD = "gnu++14";
				CLANG_CXX_LIBRARY = "libc++";
				CLANG_ENABLE_MODULES = YES;
				CLANG_ENABLE_OBJC_ARC = YES;
				CLANG_WARN_BLOCK_CAPTURE_AUTORELEASING = YES;
				CLANG_WARN_BOOL_CONVERSION = YES;
				CLANG_WARN_COMMA = YES;
				CLANG_WARN_CONSTANT_CONVERSION = YES;
				CLANG_WARN_DIRECT_OBJC_ISA_USAGE = YES_ERROR;
				CLANG_WARN_DOCUMENTATION_COMMENTS = YES;
				CLANG_WARN_EMPTY_BODY = YES;
				CLANG_WARN_ENUM_CONVERSION = YES;
				CLANG_WARN_INFINITE_RECURSION = YES;
				CLANG_WARN_INT_CONVERSION = YES;
				CLANG_WARN_NON_LITERAL_NULL_CONVERSION = YES;
				CLANG_WARN_OBJC_LITERAL_CONVERSION = YES;
				CLANG_WARN_OBJC_ROOT_CLASS = YES_ERROR;
				CLANG_WARN_RANGE_LOOP_ANALYSIS = YES;
				CLANG_WARN_STRICT_PROTOTYPES = YES;
				CLANG_WARN_SUSPICIOUS_MOVE = YES;
				CLANG_WARN_UNGUARDED_AVAILABILITY = YES_AGGRESSIVE;
				CLANG_WARN_UNREACHABLE_CODE = YES;
				CLANG_WARN__DUPLICATE_METHOD_MATCH = YES;
				CODE_SIGN_IDENTITY = "iPhone Developer";
				COPY_PHASE_STRIP = NO;
				CURRENT_PROJECT_VERSION = 1;
				DEBUG_INFORMATION_FORMAT = dwarf;
				ENABLE_STRICT_OBJC_MSGSEND = YES;
				ENABLE_TESTABILITY = YES;
				GCC_C_LANGUAGE_STANDARD = gnu11;
				GCC_DYNAMIC_NO_PIC = NO;
				GCC_NO_COMMON_BLOCKS = YES;
				GCC_OPTIMIZATION_LEVEL = 0;
				GCC_PREPROCESSOR_DEFINITIONS = (
					"DEBUG=1",
					"$(inherited)",
				);
				GCC_WARN_64_TO_32_BIT_CONVERSION = YES;
				GCC_WARN_ABOUT_RETURN_TYPE = YES_ERROR;
				GCC_WARN_UNDECLARED_SELECTOR = YES;
				GCC_WARN_UNINITIALIZED_AUTOS = YES_AGGRESSIVE;
				GCC_WARN_UNUSED_FUNCTION = YES;
				GCC_WARN_UNUSED_VARIABLE = YES;
				IPHONEOS_DEPLOYMENT_TARGET = 9.0;
				MTL_ENABLE_DEBUG_INFO = YES;
				ONLY_ACTIVE_ARCH = YES;
				SDKROOT = iphoneos;
				VERSIONING_SYSTEM = "apple-generic";
				VERSION_INFO_PREFIX = "";
			};
			name = Debug;
		};
		0486872820A579E4002A8F49 /* Release */ = {
			isa = XCBuildConfiguration;
			buildSettings = {
				ALWAYS_SEARCH_USER_PATHS = NO;
				CLANG_ANALYZER_NONNULL = YES;
				CLANG_ANALYZER_NUMBER_OBJECT_CONVERSION = YES_AGGRESSIVE;
				CLANG_CXX_LANGUAGE_STANDARD = "gnu++14";
				CLANG_CXX_LIBRARY = "libc++";
				CLANG_ENABLE_MODULES = YES;
				CLANG_ENABLE_OBJC_ARC = YES;
				CLANG_WARN_BLOCK_CAPTURE_AUTORELEASING = YES;
				CLANG_WARN_BOOL_CONVERSION = YES;
				CLANG_WARN_COMMA = YES;
				CLANG_WARN_CONSTANT_CONVERSION = YES;
				CLANG_WARN_DIRECT_OBJC_ISA_USAGE = YES_ERROR;
				CLANG_WARN_DOCUMENTATION_COMMENTS = YES;
				CLANG_WARN_EMPTY_BODY = YES;
				CLANG_WARN_ENUM_CONVERSION = YES;
				CLANG_WARN_INFINITE_RECURSION = YES;
				CLANG_WARN_INT_CONVERSION = YES;
				CLANG_WARN_NON_LITERAL_NULL_CONVERSION = YES;
				CLANG_WARN_OBJC_LITERAL_CONVERSION = YES;
				CLANG_WARN_OBJC_ROOT_CLASS = YES_ERROR;
				CLANG_WARN_RANGE_LOOP_ANALYSIS = YES;
				CLANG_WARN_STRICT_PROTOTYPES = YES;
				CLANG_WARN_SUSPICIOUS_MOVE = YES;
				CLANG_WARN_UNGUARDED_AVAILABILITY = YES_AGGRESSIVE;
				CLANG_WARN_UNREACHABLE_CODE = YES;
				CLANG_WARN__DUPLICATE_METHOD_MATCH = YES;
				CODE_SIGN_IDENTITY = "iPhone Developer";
				COPY_PHASE_STRIP = NO;
				CURRENT_PROJECT_VERSION = 1;
				DEBUG_INFORMATION_FORMAT = "dwarf-with-dsym";
				ENABLE_NS_ASSERTIONS = NO;
				ENABLE_STRICT_OBJC_MSGSEND = YES;
				GCC_C_LANGUAGE_STANDARD = gnu11;
				GCC_NO_COMMON_BLOCKS = YES;
				GCC_WARN_64_TO_32_BIT_CONVERSION = YES;
				GCC_WARN_ABOUT_RETURN_TYPE = YES_ERROR;
				GCC_WARN_UNDECLARED_SELECTOR = YES;
				GCC_WARN_UNINITIALIZED_AUTOS = YES_AGGRESSIVE;
				GCC_WARN_UNUSED_FUNCTION = YES;
				GCC_WARN_UNUSED_VARIABLE = YES;
				IPHONEOS_DEPLOYMENT_TARGET = 9.0;
				MTL_ENABLE_DEBUG_INFO = NO;
				SDKROOT = iphoneos;
				VALIDATE_PRODUCT = YES;
				VERSIONING_SYSTEM = "apple-generic";
				VERSION_INFO_PREFIX = "";
			};
			name = Release;
		};
		0486872A20A579E5002A8F49 /* Debug */ = {
			isa = XCBuildConfiguration;
			baseConfigurationReference = C0703A743B1362F0D0EB0E35 /* Pods-HLHJFactModuleSDK.debug.xcconfig */;
			buildSettings = {
				ARCHS = (
					"$(ARCHS_STANDARD)",
					armv7s,
				);
				CLANG_MODULES_AUTOLINK = NO;
				CODE_SIGN_IDENTITY = "";
				CODE_SIGN_STYLE = Automatic;
				DEAD_CODE_STRIPPING = NO;
				DEFINES_MODULE = YES;
				DEVELOPMENT_TEAM = REZMV5LYTN;
				DYLIB_COMPATIBILITY_VERSION = 1;
				DYLIB_CURRENT_VERSION = 1;
				DYLIB_INSTALL_NAME_BASE = "@rpath";
				ENABLE_BITCODE = YES;
				FRAMEWORK_SEARCH_PATHS = (
					"$(inherited)",
					"$(PROJECT_DIR)/HLHJFactModuleSDK/OtherSDK/User",
					"$(PROJECT_DIR)/HLHJFactModuleSDK/OtherSDK/EngineSdk/TMShareSdk",
					"$(PROJECT_DIR)/HLHJFactModuleSDK/OtherSDK/EngineSdk",
					"$(PROJECT_DIR)/HLHJFactModuleSDK/Classes/OtherSDK/User",
					"$(PROJECT_DIR)/HLHJFactModuleSDK/Classes/OtherSDK/EngineSdk/TMShareSdk",
					"$(PROJECT_DIR)/HLHJFactModuleSDK/Classes/OtherSDK/EngineSdk",
				);
				GCC_PREFIX_HEADER = HLHJFactModuleSDK/HLHJPrefixHeader.pch;
				INFOPLIST_FILE = HLHJFactModuleSDK/Info.plist;
				INSTALL_PATH = "$(LOCAL_LIBRARY_DIR)/Frameworks";
				IPHONEOS_DEPLOYMENT_TARGET = 9.0;
				LD_RUNPATH_SEARCH_PATHS = "$(inherited) @executable_path/Frameworks @loader_path/Frameworks";
				LINK_WITH_STANDARD_LIBRARIES = NO;
				MACH_O_TYPE = staticlib;
				ONLY_ACTIVE_ARCH = NO;
				OTHER_LDFLAGS = "";
				PRODUCT_BUNDLE_IDENTIFIER = hlhj.HLHJFactModuleSDK;
				PRODUCT_NAME = "$(TARGET_NAME:c99extidentifier)";
				SKIP_INSTALL = YES;
				TARGETED_DEVICE_FAMILY = "1,2";
				USER_HEADER_SEARCH_PATHS = "${SRCROOT}/**";
			};
			name = Debug;
		};
		0486872B20A579E5002A8F49 /* Release */ = {
			isa = XCBuildConfiguration;
			baseConfigurationReference = 8BE4489AF403966F23A68FE8 /* Pods-HLHJFactModuleSDK.release.xcconfig */;
			buildSettings = {
				ARCHS = (
					"$(ARCHS_STANDARD)",
					armv7s,
				);
				CLANG_MODULES_AUTOLINK = NO;
				CODE_SIGN_IDENTITY = "";
				CODE_SIGN_STYLE = Automatic;
				DEAD_CODE_STRIPPING = NO;
				DEFINES_MODULE = YES;
				DEVELOPMENT_TEAM = REZMV5LYTN;
				DYLIB_COMPATIBILITY_VERSION = 1;
				DYLIB_CURRENT_VERSION = 1;
				DYLIB_INSTALL_NAME_BASE = "@rpath";
				ENABLE_BITCODE = YES;
				FRAMEWORK_SEARCH_PATHS = (
					"$(inherited)",
					"$(PROJECT_DIR)/HLHJFactModuleSDK/OtherSDK/User",
					"$(PROJECT_DIR)/HLHJFactModuleSDK/OtherSDK/EngineSdk/TMShareSdk",
					"$(PROJECT_DIR)/HLHJFactModuleSDK/OtherSDK/EngineSdk",
					"$(PROJECT_DIR)/HLHJFactModuleSDK/Classes/OtherSDK/User",
					"$(PROJECT_DIR)/HLHJFactModuleSDK/Classes/OtherSDK/EngineSdk/TMShareSdk",
					"$(PROJECT_DIR)/HLHJFactModuleSDK/Classes/OtherSDK/EngineSdk",
				);
				GCC_PREFIX_HEADER = HLHJFactModuleSDK/HLHJPrefixHeader.pch;
				INFOPLIST_FILE = HLHJFactModuleSDK/Info.plist;
				INSTALL_PATH = "$(LOCAL_LIBRARY_DIR)/Frameworks";
				IPHONEOS_DEPLOYMENT_TARGET = 9.0;
				LD_RUNPATH_SEARCH_PATHS = "$(inherited) @executable_path/Frameworks @loader_path/Frameworks";
				LINK_WITH_STANDARD_LIBRARIES = NO;
				MACH_O_TYPE = staticlib;
				OTHER_LDFLAGS = "";
				PRODUCT_BUNDLE_IDENTIFIER = hlhj.HLHJFactModuleSDK;
				PRODUCT_NAME = "$(TARGET_NAME:c99extidentifier)";
				SKIP_INSTALL = YES;
				TARGETED_DEVICE_FAMILY = "1,2";
				USER_HEADER_SEARCH_PATHS = "${SRCROOT}/**";
			};
			name = Release;
		};
/* End XCBuildConfiguration section */

/* Begin XCConfigurationList section */
		0486871B20A579E4002A8F49 /* Build configuration list for PBXProject "HLHJFactModuleSDK" */ = {
			isa = XCConfigurationList;
			buildConfigurations = (
				0486872720A579E4002A8F49 /* Debug */,
				0486872820A579E4002A8F49 /* Release */,
			);
			defaultConfigurationIsVisible = 0;
			defaultConfigurationName = Release;
		};
		0486872920A579E5002A8F49 /* Build configuration list for PBXNativeTarget "HLHJFactModuleSDK" */ = {
			isa = XCConfigurationList;
			buildConfigurations = (
				0486872A20A579E5002A8F49 /* Debug */,
				0486872B20A579E5002A8F49 /* Release */,
			);
			defaultConfigurationIsVisible = 0;
			defaultConfigurationName = Release;
		};
/* End XCConfigurationList section */
	};
	rootObject = 0486871820A579E4002A8F49 /* Project object */;
}
